
Microsoft Visual Studio Solution File, Format Version 12.00
# Visual Studio Version 17
VisualStudioVersion = 17.0.31903.59
MinimumVisualStudioVersion = 10.0.40219.1
Project("{FAE04EC0-301F-11D3-BF4B-00C04F79EFBC}") = "TaskManager.WebApi", "TaskManager.WebApi\TaskManager.WebApi.csproj", "{3729DA21-C8E2-446A-87A6-DA0EED3B3A8F}"
EndProject
Project("{FAE04EC0-301F-11D3-BF4B-00C04F79EFBC}") = "TaskManager.EFRepository", "TaskManager.EFRepository\TaskManager.EFRepository.csproj", "{93E419FD-6EFE-4BE9-8F68-52F7C0AA0067}"
EndProject
Project("{FAE04EC0-301F-11D3-BF4B-00C04F79EFBC}") = "TaskManager.Model", "TaskManager.Model\TaskManager.Model.csproj", "{5DA5DF17-FAEE-4D0C-A36F-3A61CABD7CE4}"
EndProject
Project("{FAE04EC0-301F-11D3-BF4B-00C04F79EFBC}") = "TaskManager.IRepository", "TaskManager.IRepository\TaskManager.IRepository.csproj", "{D1069319-8416-4154-9240-C41115972A31}"
EndProject
Project("{FAE04EC0-301F-11D3-BF4B-00C04F79EFBC}") = "TaskManager.Service", "TaskManager.Service\TaskManager.Service.csproj", "{C143E1B0-9CCD-4BA0-B9B4-09FE94D6A383}"
EndProject
Project("{FAE04EC0-301F-11D3-BF4B-00C04F79EFBC}") = "TaskManager.Test", "TaskManager.Test\TaskManager.Test.csproj", "{0A9497D3-D4B2-4EAD-8DF2-628338132E0F}"
EndProject
Global
	GlobalSection(SolutionConfigurationPlatforms) = preSolution
		Debug|Any CPU = Debug|Any CPU
		Release|Any CPU = Release|Any CPU
	EndGlobalSection
	GlobalSection(SolutionProperties) = preSolution
		HideSolutionNode = FALSE
	EndGlobalSection
	GlobalSection(ProjectConfigurationPlatforms) = postSolution
		{3729DA21-C8E2-446A-87A6-DA0EED3B3A8F}.Debug|Any CPU.ActiveCfg = Debug|Any CPU
		{3729DA21-C8E2-446A-87A6-DA0EED3B3A8F}.Debug|Any CPU.Build.0 = Debug|Any CPU
		{3729DA21-C8E2-446A-87A6-DA0EED3B3A8F}.Release|Any CPU.ActiveCfg = Release|Any CPU
		{3729DA21-C8E2-446A-87A6-DA0EED3B3A8F}.Release|Any CPU.Build.0 = Release|Any CPU
		{2834752E-782F-4DE9-B228-24B7E86D07D4}.Debug|Any CPU.ActiveCfg = Debug|Any CPU
		{2834752E-782F-4DE9-B228-24B7E86D07D4}.Debug|Any CPU.Build.0 = Debug|Any CPU
		{2834752E-782F-4DE9-B228-24B7E86D07D4}.Release|Any CPU.ActiveCfg = Release|Any CPU
		{2834752E-782F-4DE9-B228-24B7E86D07D4}.Release|Any CPU.Build.0 = Release|Any CPU
		{93E419FD-6EFE-4BE9-8F68-52F7C0AA0067}.Debug|Any CPU.ActiveCfg = Debug|Any CPU
		{93E419FD-6EFE-4BE9-8F68-52F7C0AA0067}.Debug|Any CPU.Build.0 = Debug|Any CPU
		{93E419FD-6EFE-4BE9-8F68-52F7C0AA0067}.Release|Any CPU.ActiveCfg = Release|Any CPU
		{93E419FD-6EFE-4BE9-8F68-52F7C0AA0067}.Release|Any CPU.Build.0 = Release|Any CPU
		{5DA5DF17-FAEE-4D0C-A36F-3A61CABD7CE4}.Debug|Any CPU.ActiveCfg = Debug|Any CPU
		{5DA5DF17-FAEE-4D0C-A36F-3A61CABD7CE4}.Debug|Any CPU.Build.0 = Debug|Any CPU
		{5DA5DF17-FAEE-4D0C-A36F-3A61CABD7CE4}.Release|Any CPU.ActiveCfg = Release|Any CPU
		{5DA5DF17-FAEE-4D0C-A36F-3A61CABD7CE4}.Release|Any CPU.Build.0 = Release|Any CPU
		{D1069319-8416-4154-9240-C41115972A31}.Debug|Any CPU.ActiveCfg = Debug|Any CPU
		{D1069319-8416-4154-9240-C41115972A31}.Debug|Any CPU.Build.0 = Debug|Any CPU
		{D1069319-8416-4154-9240-C41115972A31}.Release|Any CPU.ActiveCfg = Release|Any CPU
		{D1069319-8416-4154-9240-C41115972A31}.Release|Any CPU.Build.0 = Release|Any CPU
		{C143E1B0-9CCD-4BA0-B9B4-09FE94D6A383}.Debug|Any CPU.ActiveCfg = Debug|Any CPU
		{C143E1B0-9CCD-4BA0-B9B4-09FE94D6A383}.Debug|Any CPU.Build.0 = Debug|Any CPU
		{C143E1B0-9CCD-4BA0-B9B4-09FE94D6A383}.Release|Any CPU.ActiveCfg = Release|Any CPU
		{C143E1B0-9CCD-4BA0-B9B4-09FE94D6A383}.Release|Any CPU.Build.0 = Release|Any CPU
		{0A9497D3-D4B2-4EAD-8DF2-628338132E0F}.Debug|Any CPU.ActiveCfg = Debug|Any CPU
		{0A9497D3-D4B2-4EAD-8DF2-628338132E0F}.Debug|Any CPU.Build.0 = Debug|Any CPU
		{0A9497D3-D4B2-4EAD-8DF2-628338132E0F}.Release|Any CPU.ActiveCfg = Release|Any CPU
		{0A9497D3-D4B2-4EAD-8DF2-628338132E0F}.Release|Any CPU.Build.0 = Release|Any CPU
	EndGlobalSection
EndGlobal
